
Microsoft Visual Studio Solution File, Format Version 12.00
# Visual Studio Version 16
VisualStudioVersion = 16.0.30717.126
MinimumVisualStudioVersion = 10.0.40219.1
Project("{FAE04EC0-301F-11D3-BF4B-00C04F79EFBC}") = "01.DeclareVariables", "01.DeclareVariables.cs\01.DeclareVariables.csproj", "{BCC779E0-E7A1-4D9B-99A3-C22205D90853}"
EndProject
Project("{FAE04EC0-301F-11D3-BF4B-00C04F79EFBC}") = "02.AssigneToVariables", "02.AssigneToVariables\02.AssigneToVariables.csproj", "{5E0E3069-20F0-4F96-BB9A-6F59D2439376}"
EndProject
Project("{FAE04EC0-301F-11D3-BF4B-00C04F79EFBC}") = "03.ComparesCorrectly", "03.ComparesCorrectly\03.ComparesCorrectly.csproj", "{257C9D40-D344-4124-8AC6-75BDC08E1AC3}"
EndProject
Project("{FAE04EC0-301F-11D3-BF4B-00C04F79EFBC}") = "04. HexAssignment", "04. HexAssignment\04. HexAssignment.csproj", "{0DC4D4BF-0E88-4DE5-851F-97AB10990306}"
EndProject
Project("{FAE04EC0-301F-11D3-BF4B-00C04F79EFBC}") = "05. CharAssignment", "05. CharAssignment\05. CharAssignment.csproj", "{66CBBE26-7AA2-4EB4-9E22-3A808279DEE9}"
EndProject
Project("{FAE04EC0-301F-11D3-BF4B-00C04F79EFBC}") = "06. BoolAssignment", "06. BoolAssignment\06. BoolAssignment.csproj", "{A668C019-359B-4375-82F4-93D1E1F63A4A}"
EndProject
Project("{FAE04EC0-301F-11D3-BF4B-00C04F79EFBC}") = "07.AssaignStringToObject", "07.HelloWorld\07.AssaignStringToObject.csproj", "{60B2817F-6289-41CD-AAEB-734553D42D65}"
EndProject
Project("{FAE04EC0-301F-11D3-BF4B-00C04F79EFBC}") = "08.AssaignStringToObjectAndViseversa", "07.AssaignStringToObjectAndViseversa\08.AssaignStringToObjectAndViseversa.csproj", "{276B36FA-CEB9-494F-9750-90FC79D460FB}"
EndProject
Global
	GlobalSection(SolutionConfigurationPlatforms) = preSolution
		Debug|Any CPU = Debug|Any CPU
		Release|Any CPU = Release|Any CPU
	EndGlobalSection
	GlobalSection(ProjectConfigurationPlatforms) = postSolution
		{BCC779E0-E7A1-4D9B-99A3-C22205D90853}.Debug|Any CPU.ActiveCfg = Debug|Any CPU
		{BCC779E0-E7A1-4D9B-99A3-C22205D90853}.Debug|Any CPU.Build.0 = Debug|Any CPU
		{BCC779E0-E7A1-4D9B-99A3-C22205D90853}.Release|Any CPU.ActiveCfg = Release|Any CPU
		{BCC779E0-E7A1-4D9B-99A3-C22205D90853}.Release|Any CPU.Build.0 = Release|Any CPU
		{5E0E3069-20F0-4F96-BB9A-6F59D2439376}.Debug|Any CPU.ActiveCfg = Debug|Any CPU
		{5E0E3069-20F0-4F96-BB9A-6F59D2439376}.Debug|Any CPU.Build.0 = Debug|Any CPU
		{5E0E3069-20F0-4F96-BB9A-6F59D2439376}.Release|Any CPU.ActiveCfg = Release|Any CPU
		{5E0E3069-20F0-4F96-BB9A-6F59D2439376}.Release|Any CPU.Build.0 = Release|Any CPU
		{257C9D40-D344-4124-8AC6-75BDC08E1AC3}.Debug|Any CPU.ActiveCfg = Debug|Any CPU
		{257C9D40-D344-4124-8AC6-75BDC08E1AC3}.Debug|Any CPU.Build.0 = Debug|Any CPU
		{257C9D40-D344-4124-8AC6-75BDC08E1AC3}.Release|Any CPU.ActiveCfg = Release|Any CPU
		{257C9D40-D344-4124-8AC6-75BDC08E1AC3}.Release|Any CPU.Build.0 = Release|Any CPU
		{0DC4D4BF-0E88-4DE5-851F-97AB10990306}.Debug|Any CPU.ActiveCfg = Debug|Any CPU
		{0DC4D4BF-0E88-4DE5-851F-97AB10990306}.Debug|Any CPU.Build.0 = Debug|Any CPU
		{0DC4D4BF-0E88-4DE5-851F-97AB10990306}.Release|Any CPU.ActiveCfg = Release|Any CPU
		{0DC4D4BF-0E88-4DE5-851F-97AB10990306}.Release|Any CPU.Build.0 = Release|Any CPU
		{66CBBE26-7AA2-4EB4-9E22-3A808279DEE9}.Debug|Any CPU.ActiveCfg = Debug|Any CPU
		{66CBBE26-7AA2-4EB4-9E22-3A808279DEE9}.Debug|Any CPU.Build.0 = Debug|Any CPU
		{66CBBE26-7AA2-4EB4-9E22-3A808279DEE9}.Release|Any CPU.ActiveCfg = Release|Any CPU
		{66CBBE26-7AA2-4EB4-9E22-3A808279DEE9}.Release|Any CPU.Build.0 = Release|Any CPU
		{A668C019-359B-4375-82F4-93D1E1F63A4A}.Debug|Any CPU.ActiveCfg = Debug|Any CPU
		{A668C019-359B-4375-82F4-93D1E1F63A4A}.Debug|Any CPU.Build.0 = Debug|Any CPU
		{A668C019-359B-4375-82F4-93D1E1F63A4A}.Release|Any CPU.ActiveCfg = Release|Any CPU
		{A668C019-359B-4375-82F4-93D1E1F63A4A}.Release|Any CPU.Build.0 = Release|Any CPU
		{60B2817F-6289-41CD-AAEB-734553D42D65}.Debug|Any CPU.ActiveCfg = Debug|Any CPU
		{60B2817F-6289-41CD-AAEB-734553D42D65}.Debug|Any CPU.Build.0 = Debug|Any CPU
		{60B2817F-6289-41CD-AAEB-734553D42D65}.Release|Any CPU.ActiveCfg = Release|Any CPU
		{60B2817F-6289-41CD-AAEB-734553D42D65}.Release|Any CPU.Build.0 = Release|Any CPU
		{276B36FA-CEB9-494F-9750-90FC79D460FB}.Debug|Any CPU.ActiveCfg = Debug|Any CPU
		{276B36FA-CEB9-494F-9750-90FC79D460FB}.Debug|Any CPU.Build.0 = Debug|Any CPU
		{276B36FA-CEB9-494F-9750-90FC79D460FB}.Release|Any CPU.ActiveCfg = Release|Any CPU
		{276B36FA-CEB9-494F-9750-90FC79D460FB}.Release|Any CPU.Build.0 = Release|Any CPU
	EndGlobalSection
	GlobalSection(SolutionProperties) = preSolution
		HideSolutionNode = FALSE
	EndGlobalSection
	GlobalSection(ExtensibilityGlobals) = postSolution
		SolutionGuid = {C3C76C6A-895A-47AB-8C3C-3FDDDCC5B0AF}
	EndGlobalSection
EndGlobal
