
Microsoft Visual Studio Solution File, Format Version 12.00
# Visual Studio Version 16
VisualStudioVersion = 16.0.30711.63
MinimumVisualStudioVersion = 10.0.40219.1
Project("{FAE04EC0-301F-11D3-BF4B-00C04F79EFBC}") = "04.HelloCSharp", "04.HelloCSharp\04.HelloCSharp.csproj", "{4A88BA0E-F17D-4F31-A3C3-822767CDE28C}"
EndProject
Project("{FAE04EC0-301F-11D3-BF4B-00C04F79EFBC}") = "05.GoodDay", "05.GoodDay\05.GoodDay.csproj", "{EA1C59BC-6A5C-4788-BB98-DA0E06393097}"
EndProject
Project("{FAE04EC0-301F-11D3-BF4B-00C04F79EFBC}") = "06.PrintMyName", "06.PrintMyName\06.PrintMyName.csproj", "{C35ED892-E31A-4E45-9D8A-22CCD9AB4F95}"
EndProject
Project("{FAE04EC0-301F-11D3-BF4B-00C04F79EFBC}") = "07.PrintNumbers", "07.PrintNumbers\07.PrintNumbers.csproj", "{14684E03-DCCA-4F7B-82F5-E590C3979A5F}"
EndProject
Project("{FAE04EC0-301F-11D3-BF4B-00C04F79EFBC}") = "08.PrintDateAndTime", "08.PrintDateAndTime\08.PrintDateAndTime.csproj", "{AF111A68-0AC2-4638-A58C-54C94F517F4A}"
EndProject
Project("{FAE04EC0-301F-11D3-BF4B-00C04F79EFBC}") = "09.SquareRoot", "09.SquareRoot\09.SquareRoot.csproj", "{257DB5F0-F5DD-4A38-8C8A-857BBBB4A6D2}"
EndProject
Project("{FAE04EC0-301F-11D3-BF4B-00C04F79EFBC}") = "10.PrintSequance", "10.PrintSequance\10.PrintSequance.csproj", "{1F9D8FEB-B383-4ABB-9DEA-77186498B034}"
EndProject
Project("{FAE04EC0-301F-11D3-BF4B-00C04F79EFBC}") = "11.AgeAfterTenYears", "11.AgeAfterTenYears\11.AgeAfterTenYears.csproj", "{E8D293EC-F936-4B79-92A8-9A60C372B5B9}"
EndProject
Global
	GlobalSection(SolutionConfigurationPlatforms) = preSolution
		Debug|Any CPU = Debug|Any CPU
		Release|Any CPU = Release|Any CPU
	EndGlobalSection
	GlobalSection(ProjectConfigurationPlatforms) = postSolution
		{4A88BA0E-F17D-4F31-A3C3-822767CDE28C}.Debug|Any CPU.ActiveCfg = Debug|Any CPU
		{4A88BA0E-F17D-4F31-A3C3-822767CDE28C}.Debug|Any CPU.Build.0 = Debug|Any CPU
		{4A88BA0E-F17D-4F31-A3C3-822767CDE28C}.Release|Any CPU.ActiveCfg = Release|Any CPU
		{4A88BA0E-F17D-4F31-A3C3-822767CDE28C}.Release|Any CPU.Build.0 = Release|Any CPU
		{EA1C59BC-6A5C-4788-BB98-DA0E06393097}.Debug|Any CPU.ActiveCfg = Debug|Any CPU
		{EA1C59BC-6A5C-4788-BB98-DA0E06393097}.Debug|Any CPU.Build.0 = Debug|Any CPU
		{EA1C59BC-6A5C-4788-BB98-DA0E06393097}.Release|Any CPU.ActiveCfg = Release|Any CPU
		{EA1C59BC-6A5C-4788-BB98-DA0E06393097}.Release|Any CPU.Build.0 = Release|Any CPU
		{C35ED892-E31A-4E45-9D8A-22CCD9AB4F95}.Debug|Any CPU.ActiveCfg = Debug|Any CPU
		{C35ED892-E31A-4E45-9D8A-22CCD9AB4F95}.Debug|Any CPU.Build.0 = Debug|Any CPU
		{C35ED892-E31A-4E45-9D8A-22CCD9AB4F95}.Release|Any CPU.ActiveCfg = Release|Any CPU
		{C35ED892-E31A-4E45-9D8A-22CCD9AB4F95}.Release|Any CPU.Build.0 = Release|Any CPU
		{14684E03-DCCA-4F7B-82F5-E590C3979A5F}.Debug|Any CPU.ActiveCfg = Debug|Any CPU
		{14684E03-DCCA-4F7B-82F5-E590C3979A5F}.Debug|Any CPU.Build.0 = Debug|Any CPU
		{14684E03-DCCA-4F7B-82F5-E590C3979A5F}.Release|Any CPU.ActiveCfg = Release|Any CPU
		{14684E03-DCCA-4F7B-82F5-E590C3979A5F}.Release|Any CPU.Build.0 = Release|Any CPU
		{AF111A68-0AC2-4638-A58C-54C94F517F4A}.Debug|Any CPU.ActiveCfg = Debug|Any CPU
		{AF111A68-0AC2-4638-A58C-54C94F517F4A}.Debug|Any CPU.Build.0 = Debug|Any CPU
		{AF111A68-0AC2-4638-A58C-54C94F517F4A}.Release|Any CPU.ActiveCfg = Release|Any CPU
		{AF111A68-0AC2-4638-A58C-54C94F517F4A}.Release|Any CPU.Build.0 = Release|Any CPU
		{257DB5F0-F5DD-4A38-8C8A-857BBBB4A6D2}.Debug|Any CPU.ActiveCfg = Debug|Any CPU
		{257DB5F0-F5DD-4A38-8C8A-857BBBB4A6D2}.Debug|Any CPU.Build.0 = Debug|Any CPU
		{257DB5F0-F5DD-4A38-8C8A-857BBBB4A6D2}.Release|Any CPU.ActiveCfg = Release|Any CPU
		{257DB5F0-F5DD-4A38-8C8A-857BBBB4A6D2}.Release|Any CPU.Build.0 = Release|Any CPU
		{1F9D8FEB-B383-4ABB-9DEA-77186498B034}.Debug|Any CPU.ActiveCfg = Debug|Any CPU
		{1F9D8FEB-B383-4ABB-9DEA-77186498B034}.Debug|Any CPU.Build.0 = Debug|Any CPU
		{1F9D8FEB-B383-4ABB-9DEA-77186498B034}.Release|Any CPU.ActiveCfg = Release|Any CPU
		{1F9D8FEB-B383-4ABB-9DEA-77186498B034}.Release|Any CPU.Build.0 = Release|Any CPU
		{E8D293EC-F936-4B79-92A8-9A60C372B5B9}.Debug|Any CPU.ActiveCfg = Debug|Any CPU
		{E8D293EC-F936-4B79-92A8-9A60C372B5B9}.Debug|Any CPU.Build.0 = Debug|Any CPU
		{E8D293EC-F936-4B79-92A8-9A60C372B5B9}.Release|Any CPU.ActiveCfg = Release|Any CPU
		{E8D293EC-F936-4B79-92A8-9A60C372B5B9}.Release|Any CPU.Build.0 = Release|Any CPU
	EndGlobalSection
	GlobalSection(SolutionProperties) = preSolution
		HideSolutionNode = FALSE
	EndGlobalSection
	GlobalSection(ExtensibilityGlobals) = postSolution
		SolutionGuid = {3A479F87-CBF3-4DEC-B648-37600C01A370}
	EndGlobalSection
EndGlobal
